# THIS IS AN AUTOGENERATED FILE. DO NOT EDIT THIS FILE DIRECTLY.
# yarn lockfile v1


"@eyecuelab/json-api-tools@^0.1.0":
  version "0.1.0"
  resolved "https://registry.yarnpkg.com/@eyecuelab/json-api-tools/-/json-api-tools-0.1.0.tgz#c536ac11f12b055ecbdf3c9ac8f4b10fa45faec0"
  integrity sha512-7s//TmVM4MqwgcGU6wmfKgPxjMLY3CySI8iLr2OZWm/SAFAoIcdXkrRwNy/rxz1npHnDFA96PoypGEeLnEttvw==

hamt_plus@1.0.2:
  version "1.0.2"
  resolved "https://registry.yarnpkg.com/hamt_plus/-/hamt_plus-1.0.2.tgz#e21c252968c7e33b20f6a1b094cd85787a265601"
  integrity sha512-t2JXKaehnMb9paaYA7J0BX8QQAY8lwfQ9Gjf4pg/mk4krt+cmwmU652HOoWonf+7+EQV97ARPMhhVgU1ra2GhA==

recoil@^0.7.2:
  version "0.7.4"
  resolved "https://registry.yarnpkg.com/recoil/-/recoil-0.7.4.tgz#d6508fa656d9c93e66fdf334e1f723a9e98801cf"
  integrity sha512-sCXvQGMfSprkNU4ZRkJV4B0qFQSURJMgsICqY1952WRlg66NMwYqi6n67vhnhn0qw4zHU1gHXJuMvRDaiRNFZw==
  dependencies:
    hamt_plus "1.0.2"
